// !$*UTF8*$!
{
	archiveVersion = 1;
	classes = {
	};
	objectVersion = 56;
	objects = {

/* Begin PBXBuildFile section */
		32DC806829FEB78500F1BA75 /* RepoExampleApp.swift in Sources */ = {isa = PBXBuildFile; fileRef = 32DC806729FEB78500F1BA75 /* RepoExampleApp.swift */; };
		32DC806A29FEB78500F1BA75 /* BooksListView.swift in Sources */ = {isa = PBXBuildFile; fileRef = 32DC806929FEB78500F1BA75 /* BooksListView.swift */; };
		32DC806C29FEB78500F1BA75 /* Assets.xcassets in Resources */ = {isa = PBXBuildFile; fileRef = 32DC806B29FEB78500F1BA75 /* Assets.xcassets */; };
		32DC806F29FEB78500F1BA75 /* Preview Assets.xcassets in Resources */ = {isa = PBXBuildFile; fileRef = 32DC806E29FEB78500F1BA75 /* Preview Assets.xcassets */; };
		32DC807929FEB78500F1BA75 /* RepoExampleTests.swift in Sources */ = {isa = PBXBuildFile; fileRef = 32DC807829FEB78500F1BA75 /* RepoExampleTests.swift */; };
		32DC809529FEB7FA00F1BA75 /* Book.swift in Sources */ = {isa = PBXBuildFile; fileRef = 32DC809429FEB7FA00F1BA75 /* Book.swift */; };
		32DC809729FEB81C00F1BA75 /* BooksRepository.swift in Sources */ = {isa = PBXBuildFile; fileRef = 32DC809629FEB81C00F1BA75 /* BooksRepository.swift */; };
		32DC809929FEB83300F1BA75 /* BooksService.swift in Sources */ = {isa = PBXBuildFile; fileRef = 32DC809829FEB83300F1BA75 /* BooksService.swift */; };
		32DC809D29FEB9B400F1BA75 /* BookDetailView.swift in Sources */ = {isa = PBXBuildFile; fileRef = 32DC809C29FEB9B400F1BA75 /* BookDetailView.swift */; };
		32DC809F29FEC03300F1BA75 /* BookEditView.swift in Sources */ = {isa = PBXBuildFile; fileRef = 32DC809E29FEC03300F1BA75 /* BookEditView.swift */; };
/* End PBXBuildFile section */

/* Begin PBXContainerItemProxy section */
		32DC807529FEB78500F1BA75 /* PBXContainerItemProxy */ = {
			isa = PBXContainerItemProxy;
			containerPortal = 32DC805C29FEB78500F1BA75 /* Project object */;
			proxyType = 1;
			remoteGlobalIDString = 32DC806329FEB78500F1BA75;
			remoteInfo = RepoExample;
		};
/* End PBXContainerItemProxy section */

/* Begin PBXFileReference section */
		32DC806429FEB78500F1BA75 /* RepoExample.app */ = {isa = PBXFileReference; explicitFileType = wrapper.application; includeInIndex = 0; path = RepoExample.app; sourceTree = BUILT_PRODUCTS_DIR; };
		32DC806729FEB78500F1BA75 /* RepoExampleApp.swift */ = {isa = PBXFileReference; lastKnownFileType = sourcecode.swift; path = RepoExampleApp.swift; sourceTree = "<group>"; };
		32DC806929FEB78500F1BA75 /* BooksListView.swift */ = {isa = PBXFileReference; lastKnownFileType = sourcecode.swift; path = BooksListView.swift; sourceTree = "<group>"; };
		32DC806B29FEB78500F1BA75 /* Assets.xcassets */ = {isa = PBXFileReference; lastKnownFileType = folder.assetcatalog; path = Assets.xcassets; sourceTree = "<group>"; };
		32DC806E29FEB78500F1BA75 /* Preview Assets.xcassets */ = {isa = PBXFileReference; lastKnownFileType = folder.assetcatalog; path = "Preview Assets.xcassets"; sourceTree = "<group>"; };
		32DC807429FEB78500F1BA75 /* RepoExampleTests.xctest */ = {isa = PBXFileReference; explicitFileType = wrapper.cfbundle; includeInIndex = 0; path = RepoExampleTests.xctest; sourceTree = BUILT_PRODUCTS_DIR; };
		32DC807829FEB78500F1BA75 /* RepoExampleTests.swift */ = {isa = PBXFileReference; lastKnownFileType = sourcecode.swift; path = RepoExampleTests.swift; sourceTree = "<group>"; };
		32DC809129FEB79D00F1BA75 /* RepoExample.xctestplan */ = {isa = PBXFileReference; lastKnownFileType = text; path = RepoExample.xctestplan; sourceTree = "<group>"; };
		32DC809429FEB7FA00F1BA75 /* Book.swift */ = {isa = PBXFileReference; lastKnownFileType = sourcecode.swift; path = Book.swift; sourceTree = "<group>"; };
		32DC809629FEB81C00F1BA75 /* BooksRepository.swift */ = {isa = PBXFileReference; lastKnownFileType = sourcecode.swift; path = BooksRepository.swift; sourceTree = "<group>"; };
		32DC809829FEB83300F1BA75 /* BooksService.swift */ = {isa = PBXFileReference; lastKnownFileType = sourcecode.swift; path = BooksService.swift; sourceTree = "<group>"; };
		32DC809C29FEB9B400F1BA75 /* BookDetailView.swift */ = {isa = PBXFileReference; lastKnownFileType = sourcecode.swift; path = BookDetailView.swift; sourceTree = "<group>"; };
		32DC809E29FEC03300F1BA75 /* BookEditView.swift */ = {isa = PBXFileReference; lastKnownFileType = sourcecode.swift; path = BookEditView.swift; sourceTree = "<group>"; };
/* End PBXFileReference section */

/* Begin PBXFrameworksBuildPhase section */
		32DC806129FEB78500F1BA75 /* Frameworks */ = {
			isa = PBXFrameworksBuildPhase;
			buildActionMask = 2147483647;
			files = (
			);
			runOnlyForDeploymentPostprocessing = 0;
		};
		32DC807129FEB78500F1BA75 /* Frameworks */ = {
			isa = PBXFrameworksBuildPhase;
			buildActionMask = 2147483647;
			files = (
			);
			runOnlyForDeploymentPostprocessing = 0;
		};
/* End PBXFrameworksBuildPhase section */

/* Begin PBXGroup section */
		32DC805B29FEB78500F1BA75 = {
			isa = PBXGroup;
			children = (
				32DC809129FEB79D00F1BA75 /* RepoExample.xctestplan */,
				32DC806629FEB78500F1BA75 /* RepoExample */,
				32DC807729FEB78500F1BA75 /* RepoExampleTests */,
				32DC806529FEB78500F1BA75 /* Products */,
			);
			sourceTree = "<group>";
		};
		32DC806529FEB78500F1BA75 /* Products */ = {
			isa = PBXGroup;
			children = (
				32DC806429FEB78500F1BA75 /* RepoExample.app */,
				32DC807429FEB78500F1BA75 /* RepoExampleTests.xctest */,
			);
			name = Products;
			sourceTree = "<group>";
		};
		32DC806629FEB78500F1BA75 /* RepoExample */ = {
			isa = PBXGroup;
			children = (
				32DC809B29FEB93800F1BA75 /* Views */,
				32DC809A29FEB83700F1BA75 /* Service */,
				32DC809329FEB7E800F1BA75 /* Model */,
				32DC809229FEB7A500F1BA75 /* Repository */,
				32DC806729FEB78500F1BA75 /* RepoExampleApp.swift */,
				32DC806B29FEB78500F1BA75 /* Assets.xcassets */,
				32DC806D29FEB78500F1BA75 /* Preview Content */,
			);
			path = RepoExample;
			sourceTree = "<group>";
		};
		32DC806D29FEB78500F1BA75 /* Preview Content */ = {
			isa = PBXGroup;
			children = (
				32DC806E29FEB78500F1BA75 /* Preview Assets.xcassets */,
			);
			path = "Preview Content";
			sourceTree = "<group>";
		};
		32DC807729FEB78500F1BA75 /* RepoExampleTests */ = {
			isa = PBXGroup;
			children = (
				32DC807829FEB78500F1BA75 /* RepoExampleTests.swift */,
			);
			path = RepoExampleTests;
			sourceTree = "<group>";
		};
		32DC809229FEB7A500F1BA75 /* Repository */ = {
			isa = PBXGroup;
			children = (
				32DC809629FEB81C00F1BA75 /* BooksRepository.swift */,
			);
			path = Repository;
			sourceTree = "<group>";
		};
		32DC809329FEB7E800F1BA75 /* Model */ = {
			isa = PBXGroup;
			children = (
				32DC809429FEB7FA00F1BA75 /* Book.swift */,
			);
			path = Model;
			sourceTree = "<group>";
		};
		32DC809A29FEB83700F1BA75 /* Service */ = {
			isa = PBXGroup;
			children = (
				32DC809829FEB83300F1BA75 /* BooksService.swift */,
			);
			name = Service;
			sourceTree = "<group>";
		};
		32DC809B29FEB93800F1BA75 /* Views */ = {
			isa = PBXGroup;
			children = (
				32DC806929FEB78500F1BA75 /* BooksListView.swift */,
				32DC809C29FEB9B400F1BA75 /* BookDetailView.swift */,
				32DC809E29FEC03300F1BA75 /* BookEditView.swift */,
			);
			path = Views;
			sourceTree = "<group>";
		};
/* End PBXGroup section */

/* Begin PBXNativeTarget section */
		32DC806329FEB78500F1BA75 /* RepoExample */ = {
			isa = PBXNativeTarget;
			buildConfigurationList = 32DC808829FEB78500F1BA75 /* Build configuration list for PBXNativeTarget "RepoExample" */;
			buildPhases = (
				32DC806029FEB78500F1BA75 /* Sources */,
				32DC806129FEB78500F1BA75 /* Frameworks */,
				32DC806229FEB78500F1BA75 /* Resources */,
			);
			buildRules = (
			);
			dependencies = (
			);
			name = RepoExample;
			productName = RepoExample;
			productReference = 32DC806429FEB78500F1BA75 /* RepoExample.app */;
			productType = "com.apple.product-type.application";
		};
		32DC807329FEB78500F1BA75 /* RepoExampleTests */ = {
			isa = PBXNativeTarget;
			buildConfigurationList = 32DC808B29FEB78500F1BA75 /* Build configuration list for PBXNativeTarget "RepoExampleTests" */;
			buildPhases = (
				32DC807029FEB78500F1BA75 /* Sources */,
				32DC807129FEB78500F1BA75 /* Frameworks */,
				32DC807229FEB78500F1BA75 /* Resources */,
			);
			buildRules = (
			);
			dependencies = (
				32DC807629FEB78500F1BA75 /* PBXTargetDependency */,
			);
			name = RepoExampleTests;
			productName = RepoExampleTests;
			productReference = 32DC807429FEB78500F1BA75 /* RepoExampleTests.xctest */;
			productType = "com.apple.product-type.bundle.unit-test";
		};
/* End PBXNativeTarget section */

/* Begin PBXProject section */
		32DC805C29FEB78500F1BA75 /* Project object */ = {
			isa = PBXProject;
			attributes = {
				BuildIndependentTargetsInParallel = 1;
				LastSwiftUpdateCheck = 1430;
				LastUpgradeCheck = 1430;
				TargetAttributes = {
					32DC806329FEB78500F1BA75 = {
						CreatedOnToolsVersion = 14.3;
					};
					32DC807329FEB78500F1BA75 = {
						CreatedOnToolsVersion = 14.3;
						TestTargetID = 32DC806329FEB78500F1BA75;
					};
				};
			};
			buildConfigurationList = 32DC805F29FEB78500F1BA75 /* Build configuration list for PBXProject "RepoExample" */;
			compatibilityVersion = "Xcode 14.0";
			developmentRegion = en;
			hasScannedForEncodings = 0;
			knownRegions = (
				en,
				Base,
			);
			mainGroup = 32DC805B29FEB78500F1BA75;
			productRefGroup = 32DC806529FEB78500F1BA75 /* Products */;
			projectDirPath = "";
			projectRoot = "";
			targets = (
				32DC806329FEB78500F1BA75 /* RepoExample */,
				32DC807329FEB78500F1BA75 /* RepoExampleTests */,
			);
		};
/* End PBXProject section */

/* Begin PBXResourcesBuildPhase section */
		32DC806229FEB78500F1BA75 /* Resources */ = {
			isa = PBXResourcesBuildPhase;
			buildActionMask = 2147483647;
			files = (
				32DC806F29FEB78500F1BA75 /* Preview Assets.xcassets in Resources */,
				32DC806C29FEB78500F1BA75 /* Assets.xcassets in Resources */,
			);
			runOnlyForDeploymentPostprocessing = 0;
		};
		32DC807229FEB78500F1BA75 /* Resources */ = {
			isa = PBXResourcesBuildPhase;
			buildActionMask = 2147483647;
			files = (
			);
			runOnlyForDeploymentPostprocessing = 0;
		};
/* End PBXResourcesBuildPhase section */

/* Begin PBXSourcesBuildPhase section */
		32DC806029FEB78500F1BA75 /* Sources */ = {
			isa = PBXSourcesBuildPhase;
			buildActionMask = 2147483647;
			files = (
				32DC806A29FEB78500F1BA75 /* BooksListView.swift in Sources */,
				32DC809F29FEC03300F1BA75 /* BookEditView.swift in Sources */,
				32DC806829FEB78500F1BA75 /* RepoExampleApp.swift in Sources */,
				32DC809729FEB81C00F1BA75 /* BooksRepository.swift in Sources */,
				32DC809529FEB7FA00F1BA75 /* Book.swift in Sources */,
				32DC809D29FEB9B400F1BA75 /* BookDetailView.swift in Sources */,
				32DC809929FEB83300F1BA75 /* BooksService.swift in Sources */,
			);
			runOnlyForDeploymentPostprocessing = 0;
		};
		32DC807029FEB78500F1BA75 /* Sources */ = {
			isa = PBXSourcesBuildPhase;
			buildActionMask = 2147483647;
			files = (
				32DC807929FEB78500F1BA75 /* RepoExampleTests.swift in Sources */,
			);
			runOnlyForDeploymentPostprocessing = 0;
		};
/* End PBXSourcesBuildPhase section */

/* Begin PBXTargetDependency section */
		32DC807629FEB78500F1BA75 /* PBXTargetDependency */ = {
			isa = PBXTargetDependency;
			target = 32DC806329FEB78500F1BA75 /* RepoExample */;
			targetProxy = 32DC807529FEB78500F1BA75 /* PBXContainerItemProxy */;
		};
/* End PBXTargetDependency section */

/* Begin XCBuildConfiguration section */
		32DC808629FEB78500F1BA75 /* Debug */ = {
			isa = XCBuildConfiguration;
			buildSettings = {
				ALWAYS_SEARCH_USER_PATHS = NO;
				CLANG_ANALYZER_NONNULL = YES;
				CLANG_ANALYZER_NUMBER_OBJECT_CONVERSION = YES_AGGRESSIVE;
				CLANG_CXX_LANGUAGE_STANDARD = "gnu++20";
				CLANG_ENABLE_MODULES = YES;
				CLANG_ENABLE_OBJC_ARC = YES;
				CLANG_ENABLE_OBJC_WEAK = YES;
				CLANG_WARN_BLOCK_CAPTURE_AUTORELEASING = YES;
				CLANG_WARN_BOOL_CONVERSION = YES;
				CLANG_WARN_COMMA = YES;
				CLANG_WARN_CONSTANT_CONVERSION = YES;
				CLANG_WARN_DEPRECATED_OBJC_IMPLEMENTATIONS = YES;
				CLANG_WARN_DIRECT_OBJC_ISA_USAGE = YES_ERROR;
				CLANG_WARN_DOCUMENTATION_COMMENTS = YES;
				CLANG_WARN_EMPTY_BODY = YES;
				CLANG_WARN_ENUM_CONVERSION = YES;
				CLANG_WARN_INFINITE_RECURSION = YES;
				CLANG_WARN_INT_CONVERSION = YES;
				CLANG_WARN_NON_LITERAL_NULL_CONVERSION = YES;
				CLANG_WARN_OBJC_IMPLICIT_RETAIN_SELF = YES;
				CLANG_WARN_OBJC_LITERAL_CONVERSION = YES;
				CLANG_WARN_OBJC_ROOT_CLASS = YES_ERROR;
				CLANG_WARN_QUOTED_INCLUDE_IN_FRAMEWORK_HEADER = YES;
				CLANG_WARN_RANGE_LOOP_ANALYSIS = YES;
				CLANG_WARN_STRICT_PROTOTYPES = YES;
				CLANG_WARN_SUSPICIOUS_MOVE = YES;
				CLANG_WARN_UNGUARDED_AVAILABILITY = YES_AGGRESSIVE;
				CLANG_WARN_UNREACHABLE_CODE = YES;
				CLANG_WARN__DUPLICATE_METHOD_MATCH = YES;
				COPY_PHASE_STRIP = NO;
				DEBUG_INFORMATION_FORMAT = dwarf;
				ENABLE_STRICT_OBJC_MSGSEND = YES;
				ENABLE_TESTABILITY = YES;
				GCC_C_LANGUAGE_STANDARD = gnu11;
				GCC_DYNAMIC_NO_PIC = NO;
				GCC_NO_COMMON_BLOCKS = YES;
				GCC_OPTIMIZATION_LEVEL = 0;
				GCC_PREPROCESSOR_DEFINITIONS = (
					"DEBUG=1",
					"$(inherited)",
				);
				GCC_WARN_64_TO_32_BIT_CONVERSION = YES;
				GCC_WARN_ABOUT_RETURN_TYPE = YES_ERROR;
				GCC_WARN_UNDECLARED_SELECTOR = YES;
				GCC_WARN_UNINITIALIZED_AUTOS = YES_AGGRESSIVE;
				GCC_WARN_UNUSED_FUNCTION = YES;
				GCC_WARN_UNUSED_VARIABLE = YES;
				IPHONEOS_DEPLOYMENT_TARGET = 16.4;
				MTL_ENABLE_DEBUG_INFO = INCLUDE_SOURCE;
				MTL_FAST_MATH = YES;
				ONLY_ACTIVE_ARCH = YES;
				SDKROOT = iphoneos;
				SWIFT_ACTIVE_COMPILATION_CONDITIONS = DEBUG;
				SWIFT_OPTIMIZATION_LEVEL = "-Onone";
			};
			name = Debug;
		};
		32DC808729FEB78500F1BA75 /* Release */ = {
			isa = XCBuildConfiguration;
			buildSettings = {
				ALWAYS_SEARCH_USER_PATHS = NO;
				CLANG_ANALYZER_NONNULL = YES;
				CLANG_ANALYZER_NUMBER_OBJECT_CONVERSION = YES_AGGRESSIVE;
				CLANG_CXX_LANGUAGE_STANDARD = "gnu++20";
				CLANG_ENABLE_MODULES = YES;
				CLANG_ENABLE_OBJC_ARC = YES;
				CLANG_ENABLE_OBJC_WEAK = YES;
				CLANG_WARN_BLOCK_CAPTURE_AUTORELEASING = YES;
				CLANG_WARN_BOOL_CONVERSION = YES;
				CLANG_WARN_COMMA = YES;
				CLANG_WARN_CONSTANT_CONVERSION = YES;
				CLANG_WARN_DEPRECATED_OBJC_IMPLEMENTATIONS = YES;
				CLANG_WARN_DIRECT_OBJC_ISA_USAGE = YES_ERROR;
				CLANG_WARN_DOCUMENTATION_COMMENTS = YES;
				CLANG_WARN_EMPTY_BODY = YES;
				CLANG_WARN_ENUM_CONVERSION = YES;
				CLANG_WARN_INFINITE_RECURSION = YES;
				CLANG_WARN_INT_CONVERSION = YES;
				CLANG_WARN_NON_LITERAL_NULL_CONVERSION = YES;
				CLANG_WARN_OBJC_IMPLICIT_RETAIN_SELF = YES;
				CLANG_WARN_OBJC_LITERAL_CONVERSION = YES;
				CLANG_WARN_OBJC_ROOT_CLASS = YES_ERROR;
				CLANG_WARN_QUOTED_INCLUDE_IN_FRAMEWORK_HEADER = YES;
				CLANG_WARN_RANGE_LOOP_ANALYSIS = YES;
				CLANG_WARN_STRICT_PROTOTYPES = YES;
				CLANG_WARN_SUSPICIOUS_MOVE = YES;
				CLANG_WARN_UNGUARDED_AVAILABILITY = YES_AGGRESSIVE;
				CLANG_WARN_UNREACHABLE_CODE = YES;
				CLANG_WARN__DUPLICATE_METHOD_MATCH = YES;
				COPY_PHASE_STRIP = NO;
				DEBUG_INFORMATION_FORMAT = "dwarf-with-dsym";
				ENABLE_NS_ASSERTIONS = NO;
				ENABLE_STRICT_OBJC_MSGSEND = YES;
				GCC_C_LANGUAGE_STANDARD = gnu11;
				GCC_NO_COMMON_BLOCKS = YES;
				GCC_WARN_64_TO_32_BIT_CONVERSION = YES;
				GCC_WARN_ABOUT_RETURN_TYPE = YES_ERROR;
				GCC_WARN_UNDECLARED_SELECTOR = YES;
				GCC_WARN_UNINITIALIZED_AUTOS = YES_AGGRESSIVE;
				GCC_WARN_UNUSED_FUNCTION = YES;
				GCC_WARN_UNUSED_VARIABLE = YES;
				IPHONEOS_DEPLOYMENT_TARGET = 16.4;
				MTL_ENABLE_DEBUG_INFO = NO;
				MTL_FAST_MATH = YES;
				SDKROOT = iphoneos;
				SWIFT_COMPILATION_MODE = wholemodule;
				SWIFT_OPTIMIZATION_LEVEL = "-O";
				VALIDATE_PRODUCT = YES;
			};
			name = Release;
		};
		32DC808929FEB78500F1BA75 /* Debug */ = {
			isa = XCBuildConfiguration;
			buildSettings = {
				ASSETCATALOG_COMPILER_APPICON_NAME = AppIcon;
				ASSETCATALOG_COMPILER_GLOBAL_ACCENT_COLOR_NAME = AccentColor;
				CODE_SIGN_STYLE = Automatic;
				CURRENT_PROJECT_VERSION = 1;
				DEVELOPMENT_ASSET_PATHS = "\"RepoExample/Preview Content\"";
				ENABLE_PREVIEWS = YES;
				GENERATE_INFOPLIST_FILE = YES;
				INFOPLIST_KEY_UIApplicationSceneManifest_Generation = YES;
				INFOPLIST_KEY_UIApplicationSupportsIndirectInputEvents = YES;
				INFOPLIST_KEY_UILaunchScreen_Generation = YES;
				INFOPLIST_KEY_UISupportedInterfaceOrientations_iPad = "UIInterfaceOrientationPortrait UIInterfaceOrientationPortraitUpsideDown UIInterfaceOrientationLandscapeLeft UIInterfaceOrientationLandscapeRight";
				INFOPLIST_KEY_UISupportedInterfaceOrientations_iPhone = "UIInterfaceOrientationPortrait UIInterfaceOrientationLandscapeLeft UIInterfaceOrientationLandscapeRight";
				LD_RUNPATH_SEARCH_PATHS = (
					"$(inherited)",
					"@executable_path/Frameworks",
				);
				MARKETING_VERSION = 1.0;
				PRODUCT_BUNDLE_IDENTIFIER = mdb.RepoExample;
				PRODUCT_NAME = "$(TARGET_NAME)";
				SWIFT_EMIT_LOC_STRINGS = YES;
				SWIFT_VERSION = 5.0;
				TARGETED_DEVICE_FAMILY = "1,2";
			};
			name = Debug;
		};
		32DC808A29FEB78500F1BA75 /* Release */ = {
			isa = XCBuildConfiguration;
			buildSettings = {
				ASSETCATALOG_COMPILER_APPICON_NAME = AppIcon;
				ASSETCATALOG_COMPILER_GLOBAL_ACCENT_COLOR_NAME = AccentColor;
				CODE_SIGN_STYLE = Automatic;
				CURRENT_PROJECT_VERSION = 1;
				DEVELOPMENT_ASSET_PATHS = "\"RepoExample/Preview Content\"";
				ENABLE_PREVIEWS = YES;
				GENERATE_INFOPLIST_FILE = YES;
				INFOPLIST_KEY_UIApplicationSceneManifest_Generation = YES;
				INFOPLIST_KEY_UIApplicationSupportsIndirectInputEvents = YES;
				INFOPLIST_KEY_UILaunchScreen_Generation = YES;
				INFOPLIST_KEY_UISupportedInterfaceOrientations_iPad = "UIInterfaceOrientationPortrait UIInterfaceOrientationPortraitUpsideDown UIInterfaceOrientationLandscapeLeft UIInterfaceOrientationLandscapeRight";
				INFOPLIST_KEY_UISupportedInterfaceOrientations_iPhone = "UIInterfaceOrientationPortrait UIInterfaceOrientationLandscapeLeft UIInterfaceOrientationLandscapeRight";
				LD_RUNPATH_SEARCH_PATHS = (
					"$(inherited)",
					"@executable_path/Frameworks",
				);
				MARKETING_VERSION = 1.0;
				PRODUCT_BUNDLE_IDENTIFIER = mdb.RepoExample;
				PRODUCT_NAME = "$(TARGET_NAME)";
				SWIFT_EMIT_LOC_STRINGS = YES;
				SWIFT_VERSION = 5.0;
				TARGETED_DEVICE_FAMILY = "1,2";
			};
			name = Release;
		};
		32DC808C29FEB78500F1BA75 /* Debug */ = {
			isa = XCBuildConfiguration;
			buildSettings = {
				ALWAYS_EMBED_SWIFT_STANDARD_LIBRARIES = YES;
				BUNDLE_LOADER = "$(TEST_HOST)";
				CODE_SIGN_STYLE = Automatic;
				CURRENT_PROJECT_VERSION = 1;
				GENERATE_INFOPLIST_FILE = YES;
				IPHONEOS_DEPLOYMENT_TARGET = 16.4;
				MARKETING_VERSION = 1.0;
				PRODUCT_BUNDLE_IDENTIFIER = mdb.RepoExampleTests;
				PRODUCT_NAME = "$(TARGET_NAME)";
				SWIFT_EMIT_LOC_STRINGS = NO;
				SWIFT_VERSION = 5.0;
				TARGETED_DEVICE_FAMILY = "1,2";
				TEST_HOST = "$(BUILT_PRODUCTS_DIR)/RepoExample.app/$(BUNDLE_EXECUTABLE_FOLDER_PATH)/RepoExample";
			};
			name = Debug;
		};
		32DC808D29FEB78500F1BA75 /* Release */ = {
			isa = XCBuildConfiguration;
			buildSettings = {
				ALWAYS_EMBED_SWIFT_STANDARD_LIBRARIES = YES;
				BUNDLE_LOADER = "$(TEST_HOST)";
				CODE_SIGN_STYLE = Automatic;
				CURRENT_PROJECT_VERSION = 1;
				GENERATE_INFOPLIST_FILE = YES;
				IPHONEOS_DEPLOYMENT_TARGET = 16.4;
				MARKETING_VERSION = 1.0;
				PRODUCT_BUNDLE_IDENTIFIER = mdb.RepoExampleTests;
				PRODUCT_NAME = "$(TARGET_NAME)";
				SWIFT_EMIT_LOC_STRINGS = NO;
				SWIFT_VERSION = 5.0;
				TARGETED_DEVICE_FAMILY = "1,2";
				TEST_HOST = "$(BUILT_PRODUCTS_DIR)/RepoExample.app/$(BUNDLE_EXECUTABLE_FOLDER_PATH)/RepoExample";
			};
			name = Release;
		};
/* End XCBuildConfiguration section */

/* Begin XCConfigurationList section */
		32DC805F29FEB78500F1BA75 /* Build configuration list for PBXProject "RepoExample" */ = {
			isa = XCConfigurationList;
			buildConfigurations = (
				32DC808629FEB78500F1BA75 /* Debug */,
				32DC808729FEB78500F1BA75 /* Release */,
			);
			defaultConfigurationIsVisible = 0;
			defaultConfigurationName = Release;
		};
		32DC808829FEB78500F1BA75 /* Build configuration list for PBXNativeTarget "RepoExample" */ = {
			isa = XCConfigurationList;
			buildConfigurations = (
				32DC808929FEB78500F1BA75 /* Debug */,
				32DC808A29FEB78500F1BA75 /* Release */,
			);
			defaultConfigurationIsVisible = 0;
			defaultConfigurationName = Release;
		};
		32DC808B29FEB78500F1BA75 /* Build configuration list for PBXNativeTarget "RepoExampleTests" */ = {
			isa = XCConfigurationList;
			buildConfigurations = (
				32DC808C29FEB78500F1BA75 /* Debug */,
				32DC808D29FEB78500F1BA75 /* Release */,
			);
			defaultConfigurationIsVisible = 0;
			defaultConfigurationName = Release;
		};
/* End XCConfigurationList section */
	};
	rootObject = 32DC805C29FEB78500F1BA75 /* Project object */;
}
